
Microsoft Visual Studio Solution File, Format Version 12.00
# Visual Studio Version 17
VisualStudioVersion = 17.12.35707.178
MinimumVisualStudioVersion = 10.0.40219.1
Project("{FAE04EC0-301F-11D3-BF4B-00C04F79EFBC}") = "Restaurant.API", "RestaurantSystem\Restaurant.API.csproj", "{8D8652DA-DD11-4BBA-8680-88C1A7C50DE0}"
EndProject
Project("{2150E333-8FDC-42A3-9474-1A3956D46DE8}") = "src", "src", "{897BECA0-05F1-4406-BD16-F65C13899F7B}"
EndProject
Project("{2150E333-8FDC-42A3-9474-1A3956D46DE8}") = "test", "test", "{A2E84F22-0D3E-4250-A8A0-A7D7225D60CE}"
EndProject
Project("{FAE04EC0-301F-11D3-BF4B-00C04F79EFBC}") = "Restaurants.Infrastructure", "src\Restaurants.Infrastructure\Restaurants.Infrastructure.csproj", "{096305DD-BFE8-4922-A6D7-F00D4D723ED2}"
EndProject
Project("{FAE04EC0-301F-11D3-BF4B-00C04F79EFBC}") = "Restaurants.Domain", "src\Restaurants.Domain\Restaurants.Domain.csproj", "{BF94C92F-62B0-43BA-8D1B-7B852D73B618}"
EndProject
Project("{FAE04EC0-301F-11D3-BF4B-00C04F79EFBC}") = "Restaurants.Application", "src\Restaurants.Application\Restaurants.Application.csproj", "{DFC92E4E-E676-468C-8EB1-705F35F0497A}"
EndProject
Project("{FAE04EC0-301F-11D3-BF4B-00C04F79EFBC}") = "Restaurants.InfrastructureTests", "test\Restaurants.InfrastructureTests\Restaurants.InfrastructureTests.csproj", "{8AE337C3-3297-4B67-BD05-665C546D1EF2}"
EndProject
Project("{FAE04EC0-301F-11D3-BF4B-00C04F79EFBC}") = "Restaurants.ApplicationTests", "test\Restaurants.ApplicationTests\Restaurants.ApplicationTests.csproj", "{B3416CF8-01F9-4188-8918-B5D58B077FD0}"
EndProject
Project("{FAE04EC0-301F-11D3-BF4B-00C04F79EFBC}") = "Restaurant.APITests", "test\Restaurant.APITests\Restaurant.APITests.csproj", "{7AB41B93-3E5F-4B07-913D-6D2B30625544}"
EndProject
Global
	GlobalSection(SolutionConfigurationPlatforms) = preSolution
		Debug|Any CPU = Debug|Any CPU
		Release|Any CPU = Release|Any CPU
	EndGlobalSection
	GlobalSection(ProjectConfigurationPlatforms) = postSolution
		{8D8652DA-DD11-4BBA-8680-88C1A7C50DE0}.Debug|Any CPU.ActiveCfg = Debug|Any CPU
		{8D8652DA-DD11-4BBA-8680-88C1A7C50DE0}.Debug|Any CPU.Build.0 = Debug|Any CPU
		{8D8652DA-DD11-4BBA-8680-88C1A7C50DE0}.Release|Any CPU.ActiveCfg = Release|Any CPU
		{8D8652DA-DD11-4BBA-8680-88C1A7C50DE0}.Release|Any CPU.Build.0 = Release|Any CPU
		{096305DD-BFE8-4922-A6D7-F00D4D723ED2}.Debug|Any CPU.ActiveCfg = Debug|Any CPU
		{096305DD-BFE8-4922-A6D7-F00D4D723ED2}.Debug|Any CPU.Build.0 = Debug|Any CPU
		{096305DD-BFE8-4922-A6D7-F00D4D723ED2}.Release|Any CPU.ActiveCfg = Release|Any CPU
		{096305DD-BFE8-4922-A6D7-F00D4D723ED2}.Release|Any CPU.Build.0 = Release|Any CPU
		{BF94C92F-62B0-43BA-8D1B-7B852D73B618}.Debug|Any CPU.ActiveCfg = Debug|Any CPU
		{BF94C92F-62B0-43BA-8D1B-7B852D73B618}.Debug|Any CPU.Build.0 = Debug|Any CPU
		{BF94C92F-62B0-43BA-8D1B-7B852D73B618}.Release|Any CPU.ActiveCfg = Release|Any CPU
		{BF94C92F-62B0-43BA-8D1B-7B852D73B618}.Release|Any CPU.Build.0 = Release|Any CPU
		{DFC92E4E-E676-468C-8EB1-705F35F0497A}.Debug|Any CPU.ActiveCfg = Debug|Any CPU
		{DFC92E4E-E676-468C-8EB1-705F35F0497A}.Debug|Any CPU.Build.0 = Debug|Any CPU
		{DFC92E4E-E676-468C-8EB1-705F35F0497A}.Release|Any CPU.ActiveCfg = Release|Any CPU
		{DFC92E4E-E676-468C-8EB1-705F35F0497A}.Release|Any CPU.Build.0 = Release|Any CPU
		{8AE337C3-3297-4B67-BD05-665C546D1EF2}.Debug|Any CPU.ActiveCfg = Debug|Any CPU
		{8AE337C3-3297-4B67-BD05-665C546D1EF2}.Debug|Any CPU.Build.0 = Debug|Any CPU
		{8AE337C3-3297-4B67-BD05-665C546D1EF2}.Release|Any CPU.ActiveCfg = Release|Any CPU
		{8AE337C3-3297-4B67-BD05-665C546D1EF2}.Release|Any CPU.Build.0 = Release|Any CPU
		{B3416CF8-01F9-4188-8918-B5D58B077FD0}.Debug|Any CPU.ActiveCfg = Debug|Any CPU
		{B3416CF8-01F9-4188-8918-B5D58B077FD0}.Debug|Any CPU.Build.0 = Debug|Any CPU
		{B3416CF8-01F9-4188-8918-B5D58B077FD0}.Release|Any CPU.ActiveCfg = Release|Any CPU
		{B3416CF8-01F9-4188-8918-B5D58B077FD0}.Release|Any CPU.Build.0 = Release|Any CPU
		{7AB41B93-3E5F-4B07-913D-6D2B30625544}.Debug|Any CPU.ActiveCfg = Debug|Any CPU
		{7AB41B93-3E5F-4B07-913D-6D2B30625544}.Debug|Any CPU.Build.0 = Debug|Any CPU
		{7AB41B93-3E5F-4B07-913D-6D2B30625544}.Release|Any CPU.ActiveCfg = Release|Any CPU
		{7AB41B93-3E5F-4B07-913D-6D2B30625544}.Release|Any CPU.Build.0 = Release|Any CPU
	EndGlobalSection
	GlobalSection(SolutionProperties) = preSolution
		HideSolutionNode = FALSE
	EndGlobalSection
	GlobalSection(NestedProjects) = preSolution
		{8D8652DA-DD11-4BBA-8680-88C1A7C50DE0} = {897BECA0-05F1-4406-BD16-F65C13899F7B}
		{096305DD-BFE8-4922-A6D7-F00D4D723ED2} = {897BECA0-05F1-4406-BD16-F65C13899F7B}
		{BF94C92F-62B0-43BA-8D1B-7B852D73B618} = {897BECA0-05F1-4406-BD16-F65C13899F7B}
		{DFC92E4E-E676-468C-8EB1-705F35F0497A} = {897BECA0-05F1-4406-BD16-F65C13899F7B}
		{8AE337C3-3297-4B67-BD05-665C546D1EF2} = {A2E84F22-0D3E-4250-A8A0-A7D7225D60CE}
		{B3416CF8-01F9-4188-8918-B5D58B077FD0} = {A2E84F22-0D3E-4250-A8A0-A7D7225D60CE}
		{7AB41B93-3E5F-4B07-913D-6D2B30625544} = {A2E84F22-0D3E-4250-A8A0-A7D7225D60CE}
	EndGlobalSection
EndGlobal
